
Microsoft Visual Studio Solution File, Format Version 12.00
# Visual Studio Version 17
VisualStudioVersion = 17.7.34031.279
MinimumVisualStudioVersion = 10.0.40219.1
Project("{FAE04EC0-301F-11D3-BF4B-00C04F79EFBC}") = "20oct_task", "20oct_task.csproj", "{0D5CC5CC-0DE3-4830-AF2E-3FF589E7FDB7}"
EndProject
Global
	GlobalSection(SolutionConfigurationPlatforms) = preSolution
		Debug|Any CPU = Debug|Any CPU
		Release|Any CPU = Release|Any CPU
	EndGlobalSection
	GlobalSection(ProjectConfigurationPlatforms) = postSolution
		{0D5CC5CC-0DE3-4830-AF2E-3FF589E7FDB7}.Debug|Any CPU.ActiveCfg = Debug|Any CPU
		{0D5CC5CC-0DE3-4830-AF2E-3FF589E7FDB7}.Debug|Any CPU.Build.0 = Debug|Any CPU
		{0D5CC5CC-0DE3-4830-AF2E-3FF589E7FDB7}.Release|Any CPU.ActiveCfg = Release|Any CPU
		{0D5CC5CC-0DE3-4830-AF2E-3FF589E7FDB7}.Release|Any CPU.Build.0 = Release|Any CPU
	EndGlobalSection
	GlobalSection(SolutionProperties) = preSolution
		HideSolutionNode = FALSE
	EndGlobalSection
	GlobalSection(ExtensibilityGlobals) = postSolution
		SolutionGuid = {1FF70ED7-66CD-4E3A-830F-34DF5CA974A4}
	EndGlobalSection
EndGlobal
